
Microsoft Visual Studio Solution File, Format Version 12.00
# Visual Studio Version 16
VisualStudioVersion = 16.0.29721.120
MinimumVisualStudioVersion = 10.0.40219.1
Project("{9A19103F-16F7-4668-BE54-9A1E7A4F7556}") = "TrainingCamp.Server", "TrainingCamp\Server\TrainingCamp.Server.csproj", "{199C32FE-21FD-4FC5-97AB-C1CBDBE1F555}"
EndProject
Project("{9A19103F-16F7-4668-BE54-9A1E7A4F7556}") = "TrainingCamp.Client", "TrainingCamp\Client\TrainingCamp.Client.csproj", "{87FDADC3-AD15-4AE8-958C-053C6A3993D2}"
EndProject
Project("{9A19103F-16F7-4668-BE54-9A1E7A4F7556}") = "TrainingCamp.Shared", "TrainingCamp\Shared\TrainingCamp.Shared.csproj", "{B0310FB0-5217-427E-91EE-8C0F125E16DC}"
EndProject
Global
	GlobalSection(SolutionConfigurationPlatforms) = preSolution
		Debug|Any CPU = Debug|Any CPU
		Release|Any CPU = Release|Any CPU
	EndGlobalSection
	GlobalSection(ProjectConfigurationPlatforms) = postSolution
		{199C32FE-21FD-4FC5-97AB-C1CBDBE1F555}.Debug|Any CPU.ActiveCfg = Debug|Any CPU
		{199C32FE-21FD-4FC5-97AB-C1CBDBE1F555}.Debug|Any CPU.Build.0 = Debug|Any CPU
		{199C32FE-21FD-4FC5-97AB-C1CBDBE1F555}.Release|Any CPU.ActiveCfg = Release|Any CPU
		{199C32FE-21FD-4FC5-97AB-C1CBDBE1F555}.Release|Any CPU.Build.0 = Release|Any CPU
		{87FDADC3-AD15-4AE8-958C-053C6A3993D2}.Debug|Any CPU.ActiveCfg = Debug|Any CPU
		{87FDADC3-AD15-4AE8-958C-053C6A3993D2}.Debug|Any CPU.Build.0 = Debug|Any CPU
		{87FDADC3-AD15-4AE8-958C-053C6A3993D2}.Release|Any CPU.ActiveCfg = Release|Any CPU
		{87FDADC3-AD15-4AE8-958C-053C6A3993D2}.Release|Any CPU.Build.0 = Release|Any CPU
		{B0310FB0-5217-427E-91EE-8C0F125E16DC}.Debug|Any CPU.ActiveCfg = Debug|Any CPU
		{B0310FB0-5217-427E-91EE-8C0F125E16DC}.Debug|Any CPU.Build.0 = Debug|Any CPU
		{B0310FB0-5217-427E-91EE-8C0F125E16DC}.Release|Any CPU.ActiveCfg = Release|Any CPU
		{B0310FB0-5217-427E-91EE-8C0F125E16DC}.Release|Any CPU.Build.0 = Release|Any CPU
	EndGlobalSection
	GlobalSection(SolutionProperties) = preSolution
		HideSolutionNode = FALSE
	EndGlobalSection
	GlobalSection(ExtensibilityGlobals) = postSolution
		SolutionGuid = {E70E5B7B-BCDF-4AC9-AFFA-332FDC9C7078}
	EndGlobalSection
EndGlobal
